
Microsoft Visual Studio Solution File, Format Version 12.00
# Visual Studio Version 16
VisualStudioVersion = 16.0.30011.22
MinimumVisualStudioVersion = 10.0.40219.1
Project("{FAE04EC0-301F-11D3-BF4B-00C04F79EFBC}") = "Lab1", "Lab1.csproj", "{C35E0F95-740D-4F0B-9921-C04EAAF783AA}"
EndProject
Global
	GlobalSection(SolutionConfigurationPlatforms) = preSolution
		Debug|Any CPU = Debug|Any CPU
		Release|Any CPU = Release|Any CPU
	EndGlobalSection
	GlobalSection(ProjectConfigurationPlatforms) = postSolution
		{C35E0F95-740D-4F0B-9921-C04EAAF783AA}.Debug|Any CPU.ActiveCfg = Debug|Any CPU
		{C35E0F95-740D-4F0B-9921-C04EAAF783AA}.Debug|Any CPU.Build.0 = Debug|Any CPU
		{C35E0F95-740D-4F0B-9921-C04EAAF783AA}.Release|Any CPU.ActiveCfg = Release|Any CPU
		{C35E0F95-740D-4F0B-9921-C04EAAF783AA}.Release|Any CPU.Build.0 = Release|Any CPU
	EndGlobalSection
	GlobalSection(SolutionProperties) = preSolution
		HideSolutionNode = FALSE
	EndGlobalSection
	GlobalSection(ExtensibilityGlobals) = postSolution
		SolutionGuid = {6C0566AD-506A-4AD9-8777-92A875A0A8D0}
	EndGlobalSection
EndGlobal
